# THIS IS AN AUTOGENERATED FILE. DO NOT EDIT THIS FILE DIRECTLY.
# yarn lockfile v1


"@babel/runtime@^7.12.5":
  version "7.22.15"
  resolved "https://registry.yarnpkg.com/@babel/runtime/-/runtime-7.22.15.tgz#38f46494ccf6cf020bd4eed7124b425e83e523b8"
  integrity sha512-T0O+aa+4w0u06iNmapipJXMV4HoUir03hpx3/YqXXhu9xim3w+dVphjFWl1OH8NbZHw5Lbm9k45drDkgq2VNNA==
  dependencies:
    regenerator-runtime "^0.14.0"

"@lexical/clipboard@0.12.2":
  version "0.12.2"
  resolved "https://registry.yarnpkg.com/@lexical/clipboard/-/clipboard-0.12.2.tgz#cfa74da178673624ecd835eb9449545885cbefc7"
  integrity sha512-RldmfZquuJJJCJ5WquCyoJ1/eZ+AnNgdksqvd+G+Yn/GyJl/+O3dnHM0QVaDSPvh/PynLFcCtz/57ySLo2kQxQ==
  dependencies:
    "@lexical/html" "0.12.2"
    "@lexical/list" "0.12.2"
    "@lexical/selection" "0.12.2"
    "@lexical/utils" "0.12.2"

"@lexical/code@0.12.2":
  version "0.12.2"
  resolved "https://registry.yarnpkg.com/@lexical/code/-/code-0.12.2.tgz#2484511cb9c3688bb85f477d448444250939986d"
  integrity sha512-w2JeJdnMUtYnC/Fx78sL3iJBt9Ug8pFSDOcI9ay/BkMQFQV8oqq1iyuLLBBJSG4FAM8b2DXrVdGklRQ+jTfTVw==
  dependencies:
    "@lexical/utils" "0.12.2"
    prismjs "^1.27.0"

"@lexical/dragon@0.12.2":
  version "0.12.2"
  resolved "https://registry.yarnpkg.com/@lexical/dragon/-/dragon-0.12.2.tgz#0ae209449a7ebe57c078584e28edb1b7354ecf99"
  integrity sha512-Mt8NLzTOt+VgQtc2DKDbHBwKeRlvKqbLqRIMYUVk60gol+YV7NpVBsP1PAMuYYjrTQLhlckBSC32H1SUHZRavA==

"@lexical/hashtag@0.12.2":
  version "0.12.2"
  resolved "https://registry.yarnpkg.com/@lexical/hashtag/-/hashtag-0.12.2.tgz#d9c0f872b4a662b0393b289fa84515ec2c7cd624"
  integrity sha512-2vYzIu5Ldf+eYdUrNA2m80c3N3MF3vJ0fIJzpl5QyX8OdViggEWl1bh+lKtw1Ju0H0CUyDIXdDLZ2apW3WDkTA==
  dependencies:
    "@lexical/utils" "0.12.2"

"@lexical/history@0.12.2":
  version "0.12.2"
  resolved "https://registry.yarnpkg.com/@lexical/history/-/history-0.12.2.tgz#6870871c8120468a213e47c5b303f5b1dd378cba"
  integrity sha512-PM/EDjnUyBPMWh1UiYb7T+FLbvTk14HwUWLXvZxn72S6Kj8ExH/PfLbWZWLCFL8RfzvbP407VwfSN8S0bF5H6g==
  dependencies:
    "@lexical/utils" "0.12.2"

"@lexical/html@0.12.2":
  version "0.12.2"
  resolved "https://registry.yarnpkg.com/@lexical/html/-/html-0.12.2.tgz#6df09c362688b666da0f474d132d889415dbae8a"
  integrity sha512-LWUO6OKhDtDZa9X1spHAqzsp+4EF01exis4cz5H9y2sHi7EofogXnRCadZ+fa07NVwPVTZWsStkk5qdSe/NEzg==
  dependencies:
    "@lexical/selection" "0.12.2"

"@lexical/link@0.12.2":
  version "0.12.2"
  resolved "https://registry.yarnpkg.com/@lexical/link/-/link-0.12.2.tgz#33bf3ecdd98c2b27b2bdd67a8885649e1f528fc2"
  integrity sha512-etOIONa7uyRDmwg8GN52kDlf8thD2Zk1LOFLeocHWz1V8fe3i2unGUek5s/rNPkc6ynpPpNsHdN1VEghOLCCmw==
  dependencies:
    "@lexical/utils" "0.12.2"

"@lexical/list@0.12.2":
  version "0.12.2"
  resolved "https://registry.yarnpkg.com/@lexical/list/-/list-0.12.2.tgz#7afdd13026f936144ff93d40382f21924e8e6908"
  integrity sha512-3CyWtYQC+IlK4cK/oiD8Uz1gSXD8UcKGOF2vVsDXkMU06O6zvHNmHZOnVJqA0JVNgZAoR9dMR1fi2xd4iuCAiw==
  dependencies:
    "@lexical/utils" "0.12.2"

"@lexical/mark@0.12.2":
  version "0.12.2"
  resolved "https://registry.yarnpkg.com/@lexical/mark/-/mark-0.12.2.tgz#bfcfffc9f74505e5a6160679812b3d6bafea9c78"
  integrity sha512-ub+37PDfmThsqAWipRTrwqpgE+83ckqJ5C3mKQUBZvhZfVZW1rEUXZnKjFh2Q3eZK6iT7zVgoVJWJS9ZgEEyag==
  dependencies:
    "@lexical/utils" "0.12.2"

"@lexical/markdown@0.12.2":
  version "0.12.2"
  resolved "https://registry.yarnpkg.com/@lexical/markdown/-/markdown-0.12.2.tgz#b11559590e8684525d4a11d2d78108c3498896b9"
  integrity sha512-F2jTFtBp7Q+yoA11BeUOEcxhROzW+HUhUGdsn20pSLhuxsWRj3oUuryWFeNKFofpzTCVoqU6dwpaMNMI2mL/sQ==
  dependencies:
    "@lexical/code" "0.12.2"
    "@lexical/link" "0.12.2"
    "@lexical/list" "0.12.2"
    "@lexical/rich-text" "0.12.2"
    "@lexical/text" "0.12.2"
    "@lexical/utils" "0.12.2"

"@lexical/offset@0.12.2":
  version "0.12.2"
  resolved "https://registry.yarnpkg.com/@lexical/offset/-/offset-0.12.2.tgz#9e4a36508790de1d643d4328986c5c3a2d847de0"
  integrity sha512-rZLZXfOBmpmM8A2UZsX3cr/CQYw5F/ou67AbaKI0WImb5sjnIgICZqzu9VFUnkKlVNUurEpplV3UG3D1YYh1OQ==

"@lexical/overflow@0.12.2":
  version "0.12.2"
  resolved "https://registry.yarnpkg.com/@lexical/overflow/-/overflow-0.12.2.tgz#b21ba828d6f02e99456d05df6c1d2771fb82aceb"
  integrity sha512-UgE5j3ukO6qRFRpH4T7m/DvnodE9nCtImD7QinyGdsTa0hi5xlRnl0FUo605vH+vz7xEsUNAGwQXYPX9Sc/vig==

"@lexical/plain-text@0.12.2":
  version "0.12.2"
  resolved "https://registry.yarnpkg.com/@lexical/plain-text/-/plain-text-0.12.2.tgz#87c51de239190d9202122a62aeaae04cb2477cda"
  integrity sha512-Lcg6+ngRnX70//kz34azYhID3bvW66HSHCfu5UPhCXT+vQ/Jkd/InhRKajBwWXpaJxMM1huoi3sjzVDb3luNtw==

"@lexical/react@^0.12.2":
  version "0.12.2"
  resolved "https://registry.yarnpkg.com/@lexical/react/-/react-0.12.2.tgz#336805af7a3d8e69d5b0ef3d0efd7bd4cd8f29fb"
  integrity sha512-ZBUvf5xmhiYWBw8pPrhYmLAEwFWrbF/cd15y76TUKD9l/2zDwwPs6nJQxBzfz3ei65r2/nnavLDV8W3QfvxfUA==
  dependencies:
    "@lexical/clipboard" "0.12.2"
    "@lexical/code" "0.12.2"
    "@lexical/dragon" "0.12.2"
    "@lexical/hashtag" "0.12.2"
    "@lexical/history" "0.12.2"
    "@lexical/link" "0.12.2"
    "@lexical/list" "0.12.2"
    "@lexical/mark" "0.12.2"
    "@lexical/markdown" "0.12.2"
    "@lexical/overflow" "0.12.2"
    "@lexical/plain-text" "0.12.2"
    "@lexical/rich-text" "0.12.2"
    "@lexical/selection" "0.12.2"
    "@lexical/table" "0.12.2"
    "@lexical/text" "0.12.2"
    "@lexical/utils" "0.12.2"
    "@lexical/yjs" "0.12.2"
    react-error-boundary "^3.1.4"

"@lexical/rich-text@0.12.2":
  version "0.12.2"
  resolved "https://registry.yarnpkg.com/@lexical/rich-text/-/rich-text-0.12.2.tgz#9ef44e54777fc222ac8df344adb0d7428c784b25"
  integrity sha512-igsEuv7CwBOAj5c8jeE41cnx6zkhI/Bkbu4W7shT6S6lNA/3cnyZpAMlgixwyK5RoqjGRCT+IJK5l6yBxQfNkw==

"@lexical/selection@0.12.2":
  version "0.12.2"
  resolved "https://registry.yarnpkg.com/@lexical/selection/-/selection-0.12.2.tgz#87e30b953b02923d1691f61d5189eb1be81a19ae"
  integrity sha512-h+g3oOnihHKIyLTyG6uLCEVR/DmUEVdCcZO1iAoGsuW7nwWiWNPWj6oZ3Cw5J1Mk5u62DHnkkVDQsVSZbAwmtg==

"@lexical/table@0.12.2":
  version "0.12.2"
  resolved "https://registry.yarnpkg.com/@lexical/table/-/table-0.12.2.tgz#59be2fd0413a9125017bb119aa950050bf92717b"
  integrity sha512-tiAmTq6RKHDVER9v589Ajm9/RL+WTF1WschrH6HHVCtil6cfJfTJeJ+MF45+XEzB9fkqy2LfrScAfWxqLjVePA==
  dependencies:
    "@lexical/utils" "0.12.2"

"@lexical/text@0.12.2":
  version "0.12.2"
  resolved "https://registry.yarnpkg.com/@lexical/text/-/text-0.12.2.tgz#623f8a9a56606e202febf4af80cfb5cf2da2a530"
  integrity sha512-HyuIGuQvVi5djJKKBf+jYEBjK+0Eo9cKHf6WS7dlFozuCZvcCQEJkFy2yceWOwIVk+f2kptVQ5uO7aiZHExH2A==

"@lexical/utils@0.12.2":
  version "0.12.2"
  resolved "https://registry.yarnpkg.com/@lexical/utils/-/utils-0.12.2.tgz#b8325f1a1a0d043fd2b40d59cd00c4d7c038474b"
  integrity sha512-xW4y4l2Yd37+qLwkBvBGyzsKCA9wnh1ljphBJeR2vreT193i2gaIwuku2ZKlER14VHw4192qNJF7vUoAEmwurQ==
  dependencies:
    "@lexical/list" "0.12.2"
    "@lexical/selection" "0.12.2"
    "@lexical/table" "0.12.2"

"@lexical/yjs@0.12.2":
  version "0.12.2"
  resolved "https://registry.yarnpkg.com/@lexical/yjs/-/yjs-0.12.2.tgz#c0bebe1795ecb7e68d88d255dcbfcaa02740539d"
  integrity sha512-OPJhkJD1Mp9W80mfLzASTB3OFWFMzJteUYA+eSyDgiX9zNi1VGxAqmIITTkDvnCMa+qvw4EfhGeGezpjx6Og4A==
  dependencies:
    "@lexical/offset" "0.12.2"

lexical@^0.12.2:
  version "0.12.2"
  resolved "https://registry.yarnpkg.com/lexical/-/lexical-0.12.2.tgz#68535e145715d5788374495c9ee0420e417d792b"
  integrity sha512-Kxavd+ETjxtVwG/hvPd6WZfXD44sLOKe9Vlkwxy7lBQ1qZArS+rZfs+u5iXwXe6tX9f2PIM0u3RHsrCEDDE0fw==

prismjs@^1.27.0:
  version "1.29.0"
  resolved "https://registry.yarnpkg.com/prismjs/-/prismjs-1.29.0.tgz#f113555a8fa9b57c35e637bba27509dcf802dd12"
  integrity sha512-Kx/1w86q/epKcmte75LNrEoT+lX8pBpavuAbvJWRXar7Hz8jrtF+e3vY751p0R8H9HdArwaCTNDDzHg/ScJK1Q==

react-error-boundary@^3.1.4:
  version "3.1.4"
  resolved "https://registry.yarnpkg.com/react-error-boundary/-/react-error-boundary-3.1.4.tgz#255db92b23197108757a888b01e5b729919abde0"
  integrity sha512-uM9uPzZJTF6wRQORmSrvOIgt4lJ9MC1sNgEOj2XGsDTRE4kmpWxg7ENK9EWNKJRMAOY9z0MuF4yIfl6gp4sotA==
  dependencies:
    "@babel/runtime" "^7.12.5"

regenerator-runtime@^0.14.0:
  version "0.14.0"
  resolved "https://registry.yarnpkg.com/regenerator-runtime/-/regenerator-runtime-0.14.0.tgz#5e19d68eb12d486f797e15a3c6a918f7cec5eb45"
  integrity sha512-srw17NI0TUWHuGa5CFGGmhfNIeja30WMBfbslPNhf6JrqQlLN5gcrvig1oqPxiVaXb0oW0XRKtH6Nngs5lKCIA==
